Microsoft Visual Studio Solution File, Format Version 12.00
# Visual Studio 15
VisualStudioVersion = 15.0.27703.2042
MinimumVisualStudioVersion = 10.0.40219.1
Project("{FAE04EC0-301F-11D3-BF4B-00C04F79EFBC}") = "Lands.Android", "Lands.Android\Lands.Android.csproj", "{3E2E195A-359C-4F30-827E-5467B5D6871A}"
EndProject
Project("{FAE04EC0-301F-11D3-BF4B-00C04F79EFBC}") = "Lands.iOS", "Lands.iOS\Lands.iOS.csproj", "{2FC76095-FB8F-4BB2-B73D-37E98D288145}"
EndProject
Project("{9A19103F-16F7-4668-BE54-9A1E7A4F7556}") = "Lands", "Lands\Lands.csproj", "{E77A8CB8-3AFD-4DD5-937B-0C4BB66D308F}"
EndProject
Global
	GlobalSection(SolutionConfigurationPlatforms) = preSolution
		Ad-Hoc|Any CPU = Ad-Hoc|Any CPU
		Ad-Hoc|iPhone = Ad-Hoc|iPhone
		Ad-Hoc|iPhoneSimulator = Ad-Hoc|iPhoneSimulator
		AppStore|Any CPU = AppStore|Any CPU
		AppStore|iPhone = AppStore|iPhone
		AppStore|iPhoneSimulator = AppStore|iPhoneSimulator
		Debug|Any CPU = Debug|Any CPU
		Debug|iPhone = Debug|iPhone
		Debug|iPhoneSimulator = Debug|iPhoneSimulator
		Release|Any CPU = Release|Any CPU
		Release|iPhone = Release|iPhone
		Release|iPhoneSimulator = Release|iPhoneSimulator
	EndGlobalSection
	GlobalSection(ProjectConfigurationPlatforms) = postSolution
		{3E2E195A-359C-4F30-827E-5467B5D6871A}.Ad-Hoc|Any CPU.ActiveCfg = Release|Any CPU
		{3E2E195A-359C-4F30-827E-5467B5D6871A}.Ad-Hoc|Any CPU.Build.0 = Release|Any CPU
		{3E2E195A-359C-4F30-827E-5467B5D6871A}.Ad-Hoc|Any CPU.Deploy.0 = Release|Any CPU
		{3E2E195A-359C-4F30-827E-5467B5D6871A}.Ad-Hoc|iPhone.ActiveCfg = Debug|Any CPU
		{3E2E195A-359C-4F30-827E-5467B5D6871A}.Ad-Hoc|iPhone.Build.0 = Debug|Any CPU
		{3E2E195A-359C-4F30-827E-5467B5D6871A}.Ad-Hoc|iPhoneSimulator.ActiveCfg = Release|Any CPU
		{3E2E195A-359C-4F30-827E-5467B5D6871A}.Ad-Hoc|iPhoneSimulator.Build.0 = Release|Any CPU
		{3E2E195A-359C-4F30-827E-5467B5D6871A}.Ad-Hoc|iPhoneSimulator.Deploy.0 = Release|Any CPU
		{3E2E195A-359C-4F30-827E-5467B5D6871A}.AppStore|Any CPU.ActiveCfg = Release|Any CPU
		{3E2E195A-359C-4F30-827E-5467B5D6871A}.AppStore|Any CPU.Build.0 = Release|Any CPU
		{3E2E195A-359C-4F30-827E-5467B5D6871A}.AppStore|Any CPU.Deploy.0 = Release|Any CPU
		{3E2E195A-359C-4F30-827E-5467B5D6871A}.AppStore|iPhone.ActiveCfg = Debug|Any CPU
		{3E2E195A-359C-4F30-827E-5467B5D6871A}.AppStore|iPhone.Build.0 = Debug|Any CPU
		{3E2E195A-359C-4F30-827E-5467B5D6871A}.AppStore|iPhoneSimulator.ActiveCfg = Release|Any CPU
		{3E2E195A-359C-4F30-827E-5467B5D6871A}.AppStore|iPhoneSimulator.Build.0 = Release|Any CPU
		{3E2E195A-359C-4F30-827E-5467B5D6871A}.AppStore|iPhoneSimulator.Deploy.0 = Release|Any CPU
		{3E2E195A-359C-4F30-827E-5467B5D6871A}.Debug|Any CPU.ActiveCfg = Debug|Any CPU
		{3E2E195A-359C-4F30-827E-5467B5D6871A}.Debug|Any CPU.Build.0 = Debug|Any CPU
		{3E2E195A-359C-4F30-827E-5467B5D6871A}.Debug|iPhone.ActiveCfg = Debug|Any CPU
		{3E2E195A-359C-4F30-827E-5467B5D6871A}.Debug|iPhone.Build.0 = Debug|Any CPU
		{3E2E195A-359C-4F30-827E-5467B5D6871A}.Debug|iPhoneSimulator.ActiveCfg = Debug|Any CPU
		{3E2E195A-359C-4F30-827E-5467B5D6871A}.Debug|iPhoneSimulator.Build.0 = Debug|Any CPU
		{3E2E195A-359C-4F30-827E-5467B5D6871A}.Release|Any CPU.ActiveCfg = Release|Any CPU
		{3E2E195A-359C-4F30-827E-5467B5D6871A}.Release|Any CPU.Build.0 = Release|Any CPU
		{3E2E195A-359C-4F30-827E-5467B5D6871A}.Release|iPhone.ActiveCfg = Release|Any CPU
		{3E2E195A-359C-4F30-827E-5467B5D6871A}.Release|iPhone.Build.0 = Release|Any CPU
		{3E2E195A-359C-4F30-827E-5467B5D6871A}.Release|iPhoneSimulator.ActiveCfg = Release|Any CPU
		{3E2E195A-359C-4F30-827E-5467B5D6871A}.Release|iPhoneSimulator.Build.0 = Release|Any CPU
		{2FC76095-FB8F-4BB2-B73D-37E98D288145}.Ad-Hoc|Any CPU.ActiveCfg = Ad-Hoc|iPhoneSimulator
		{2FC76095-FB8F-4BB2-B73D-37E98D288145}.Ad-Hoc|iPhone.ActiveCfg = Ad-Hoc|iPhone
		{2FC76095-FB8F-4BB2-B73D-37E98D288145}.Ad-Hoc|iPhone.Build.0 = Ad-Hoc|iPhone
		{2FC76095-FB8F-4BB2-B73D-37E98D288145}.Ad-Hoc|iPhoneSimulator.ActiveCfg = Ad-Hoc|iPhoneSimulator
		{2FC76095-FB8F-4BB2-B73D-37E98D288145}.Ad-Hoc|iPhoneSimulator.Build.0 = Ad-Hoc|iPhoneSimulator
		{2FC76095-FB8F-4BB2-B73D-37E98D288145}.AppStore|Any CPU.ActiveCfg = AppStore|iPhoneSimulator
		{2FC76095-FB8F-4BB2-B73D-37E98D288145}.AppStore|iPhone.ActiveCfg = AppStore|iPhone
		{2FC76095-FB8F-4BB2-B73D-37E98D288145}.AppStore|iPhone.Build.0 = AppStore|iPhone
		{2FC76095-FB8F-4BB2-B73D-37E98D288145}.AppStore|iPhoneSimulator.ActiveCfg = AppStore|iPhoneSimulator
		{2FC76095-FB8F-4BB2-B73D-37E98D288145}.AppStore|iPhoneSimulator.Build.0 = AppStore|iPhoneSimulator
		{2FC76095-FB8F-4BB2-B73D-37E98D288145}.Debug|Any CPU.ActiveCfg = Debug|iPhoneSimulator
		{2FC76095-FB8F-4BB2-B73D-37E98D288145}.Debug|Any CPU.Build.0 = Debug|iPhoneSimulator
		{2FC76095-FB8F-4BB2-B73D-37E98D288145}.Debug|iPhone.ActiveCfg = Debug|iPhone
		{2FC76095-FB8F-4BB2-B73D-37E98D288145}.Debug|iPhone.Build.0 = Debug|iPhone
		{2FC76095-FB8F-4BB2-B73D-37E98D288145}.Debug|iPhoneSimulator.ActiveCfg = Debug|iPhoneSimulator
		{2FC76095-FB8F-4BB2-B73D-37E98D288145}.Debug|iPhoneSimulator.Build.0 = Debug|iPhoneSimulator
		{2FC76095-FB8F-4BB2-B73D-37E98D288145}.Release|Any CPU.ActiveCfg = Release|iPhoneSimulator
		{2FC76095-FB8F-4BB2-B73D-37E98D288145}.Release|Any CPU.Build.0 = Release|iPhoneSimulator
		{2FC76095-FB8F-4BB2-B73D-37E98D288145}.Release|iPhone.ActiveCfg = Release|iPhone
		{2FC76095-FB8F-4BB2-B73D-37E98D288145}.Release|iPhone.Build.0 = Release|iPhone
		{2FC76095-FB8F-4BB2-B73D-37E98D288145}.Release|iPhoneSimulator.ActiveCfg = Release|iPhoneSimulator
		{2FC76095-FB8F-4BB2-B73D-37E98D288145}.Release|iPhoneSimulator.Build.0 = Release|iPhoneSimulator
		{E77A8CB8-3AFD-4DD5-937B-0C4BB66D308F}.Ad-Hoc|Any CPU.ActiveCfg = Release|Any CPU
		{E77A8CB8-3AFD-4DD5-937B-0C4BB66D308F}.Ad-Hoc|Any CPU.Build.0 = Release|Any CPU
		{E77A8CB8-3AFD-4DD5-937B-0C4BB66D308F}.Ad-Hoc|iPhone.ActiveCfg = Debug|Any CPU
		{E77A8CB8-3AFD-4DD5-937B-0C4BB66D308F}.Ad-Hoc|iPhone.Build.0 = Debug|Any CPU
		{E77A8CB8-3AFD-4DD5-937B-0C4BB66D308F}.Ad-Hoc|iPhoneSimulator.ActiveCfg = Release|Any CPU
		{E77A8CB8-3AFD-4DD5-937B-0C4BB66D308F}.Ad-Hoc|iPhoneSimulator.Build.0 = Release|Any CPU
		{E77A8CB8-3AFD-4DD5-937B-0C4BB66D308F}.AppStore|Any CPU.ActiveCfg = Release|Any CPU
		{E77A8CB8-3AFD-4DD5-937B-0C4BB66D308F}.AppStore|Any CPU.Build.0 = Release|Any CPU
		{E77A8CB8-3AFD-4DD5-937B-0C4BB66D308F}.AppStore|iPhone.ActiveCfg = Debug|Any CPU
		{E77A8CB8-3AFD-4DD5-937B-0C4BB66D308F}.AppStore|iPhone.Build.0 = Debug|Any CPU
		{E77A8CB8-3AFD-4DD5-937B-0C4BB66D308F}.AppStore|iPhoneSimulator.ActiveCfg = Release|Any CPU
		{E77A8CB8-3AFD-4DD5-937B-0C4BB66D308F}.AppStore|iPhoneSimulator.Build.0 = Release|Any CPU
		{E77A8CB8-3AFD-4DD5-937B-0C4BB66D308F}.Debug|Any CPU.ActiveCfg = Debug|Any CPU
		{E77A8CB8-3AFD-4DD5-937B-0C4BB66D308F}.Debug|Any CPU.Build.0 = Debug|Any CPU
		{E77A8CB8-3AFD-4DD5-937B-0C4BB66D308F}.Debug|iPhone.ActiveCfg = Debug|Any CPU
		{E77A8CB8-3AFD-4DD5-937B-0C4BB66D308F}.Debug|iPhone.Build.0 = Debug|Any CPU
		{E77A8CB8-3AFD-4DD5-937B-0C4BB66D308F}.Debug|iPhoneSimulator.ActiveCfg = Debug|Any CPU
		{E77A8CB8-3AFD-4DD5-937B-0C4BB66D308F}.Debug|iPhoneSimulator.Build.0 = Debug|Any CPU
		{E77A8CB8-3AFD-4DD5-937B-0C4BB66D308F}.Release|Any CPU.ActiveCfg = Release|Any CPU
		{E77A8CB8-3AFD-4DD5-937B-0C4BB66D308F}.Release|Any CPU.Build.0 = Release|Any CPU
		{E77A8CB8-3AFD-4DD5-937B-0C4BB66D308F}.Release|iPhone.ActiveCfg = Release|Any CPU
		{E77A8CB8-3AFD-4DD5-937B-0C4BB66D308F}.Release|iPhone.Build.0 = Release|Any CPU
		{E77A8CB8-3AFD-4DD5-937B-0C4BB66D308F}.Release|iPhoneSimulator.ActiveCfg = Release|Any CPU
		{E77A8CB8-3AFD-4DD5-937B-0C4BB66D308F}.Release|iPhoneSimulator.Build.0 = Release|Any CPU
	EndGlobalSection
	GlobalSection(SolutionProperties) = preSolution
		HideSolutionNode = FALSE
	EndGlobalSection
	GlobalSection(ExtensibilityGlobals) = postSolution
		SolutionGuid = {6290E615-2944-4C63-8758-0C08801FD507}
	EndGlobalSection
EndGlobal
